
Microsoft Visual Studio Solution File, Format Version 12.00
Project("{FAE04EC0-301F-11D3-BF4B-00C04F79EFBC}") = "ClientC", "ClientC\ClientC.csproj", "{D941A482-1B7D-4652-B59D-605E3CAD5063}"
EndProject
Project("{2150E333-8FDC-42A3-9474-1A3956D46DE8}") = "Solution Items", "Solution Items", "{3B517F1B-0103-4A91-98D2-B4E0379176E3}"
	ProjectSection(SolutionItems) = preProject
		docker-compose.yaml = docker-compose.yaml
	EndProjectSection
EndProject
Global
	GlobalSection(SolutionConfigurationPlatforms) = preSolution
		Debug|Any CPU = Debug|Any CPU
		Release|Any CPU = Release|Any CPU
	EndGlobalSection
	GlobalSection(ProjectConfigurationPlatforms) = postSolution
		{D941A482-1B7D-4652-B59D-605E3CAD5063}.Debug|Any CPU.ActiveCfg = Debug|Any CPU
		{D941A482-1B7D-4652-B59D-605E3CAD5063}.Debug|Any CPU.Build.0 = Debug|Any CPU
		{D941A482-1B7D-4652-B59D-605E3CAD5063}.Release|Any CPU.ActiveCfg = Release|Any CPU
		{D941A482-1B7D-4652-B59D-605E3CAD5063}.Release|Any CPU.Build.0 = Release|Any CPU
	EndGlobalSection
EndGlobal
